// !$*UTF8*$!
{
	archiveVersion = 1;
	classes = {
	};
	objectVersion = 56;
	objects = {

/* Begin PBXBuildFile section */
		7DAD7D152D07662400AC8C31 /* MyPortfolioApp.swift in Sources */ = {isa = PBXBuildFile; fileRef = 7DAD7D142D07662400AC8C31 /* MyPortfolioApp.swift */; };
		7DAD7D192D07662600AC8C31 /* Assets.xcassets in Resources */ = {isa = PBXBuildFile; fileRef = 7DAD7D182D07662600AC8C31 /* Assets.xcassets */; };
		7DAD7D1D2D07662600AC8C31 /* Preview Assets.xcassets in Resources */ = {isa = PBXBuildFile; fileRef = 7DAD7D1C2D07662600AC8C31 /* Preview Assets.xcassets */; };
		7DAD7D272D07662600AC8C31 /* MyPortfolioTests.swift in Sources */ = {isa = PBXBuildFile; fileRef = 7DAD7D262D07662600AC8C31 /* MyPortfolioTests.swift */; };
		7DAD7D312D07662600AC8C31 /* MyPortfolioUITests.swift in Sources */ = {isa = PBXBuildFile; fileRef = 7DAD7D302D07662600AC8C31 /* MyPortfolioUITests.swift */; };
		7DAD7D332D07662600AC8C31 /* MyPortfolioUITestsLaunchTests.swift in Sources */ = {isa = PBXBuildFile; fileRef = 7DAD7D322D07662600AC8C31 /* MyPortfolioUITestsLaunchTests.swift */; };
		7DAD7D402D076CC500AC8C31 /* index.html in Resources */ = {isa = PBXBuildFile; fileRef = 7DAD7D3F2D076CC500AC8C31 /* index.html */; };
		7DAD7D422D076D0A00AC8C31 /* style.css in Resources */ = {isa = PBXBuildFile; fileRef = 7DAD7D412D076D0A00AC8C31 /* style.css */; };
/* End PBXBuildFile section */

/* Begin PBXContainerItemProxy section */
		7DAD7D232D07662600AC8C31 /* PBXContainerItemProxy */ = {
			isa = PBXContainerItemProxy;
			containerPortal = 7DAD7D092D07662400AC8C31 /* Project object */;
			proxyType = 1;
			remoteGlobalIDString = 7DAD7D102D07662400AC8C31;
			remoteInfo = MyPortfolio;
		};
		7DAD7D2D2D07662600AC8C31 /* PBXContainerItemProxy */ = {
			isa = PBXContainerItemProxy;
			containerPortal = 7DAD7D092D07662400AC8C31 /* Project object */;
			proxyType = 1;
			remoteGlobalIDString = 7DAD7D102D07662400AC8C31;
			remoteInfo = MyPortfolio;
		};
/* End PBXContainerItemProxy section */

/* Begin PBXFileReference section */
		7DAD7D112D07662400AC8C31 /* MyPortfolio.app */ = {isa = PBXFileReference; explicitFileType = wrapper.application; includeInIndex = 0; path = MyPortfolio.app; sourceTree = BUILT_PRODUCTS_DIR; };
		7DAD7D142D07662400AC8C31 /* MyPortfolioApp.swift */ = {isa = PBXFileReference; lastKnownFileType = sourcecode.swift; path = MyPortfolioApp.swift; sourceTree = "<group>"; };
		7DAD7D182D07662600AC8C31 /* Assets.xcassets */ = {isa = PBXFileReference; lastKnownFileType = folder.assetcatalog; path = Assets.xcassets; sourceTree = "<group>"; };
		7DAD7D1A2D07662600AC8C31 /* MyPortfolio.entitlements */ = {isa = PBXFileReference; lastKnownFileType = text.plist.entitlements; path = MyPortfolio.entitlements; sourceTree = "<group>"; };
		7DAD7D1C2D07662600AC8C31 /* Preview Assets.xcassets */ = {isa = PBXFileReference; lastKnownFileType = folder.assetcatalog; path = "Preview Assets.xcassets"; sourceTree = "<group>"; };
		7DAD7D222D07662600AC8C31 /* MyPortfolioTests.xctest */ = {isa = PBXFileReference; explicitFileType = wrapper.cfbundle; includeInIndex = 0; path = MyPortfolioTests.xctest; sourceTree = BUILT_PRODUCTS_DIR; };
		7DAD7D262D07662600AC8C31 /* MyPortfolioTests.swift */ = {isa = PBXFileReference; lastKnownFileType = sourcecode.swift; path = MyPortfolioTests.swift; sourceTree = "<group>"; };
		7DAD7D2C2D07662600AC8C31 /* MyPortfolioUITests.xctest */ = {isa = PBXFileReference; explicitFileType = wrapper.cfbundle; includeInIndex = 0; path = MyPortfolioUITests.xctest; sourceTree = BUILT_PRODUCTS_DIR; };
		7DAD7D302D07662600AC8C31 /* MyPortfolioUITests.swift */ = {isa = PBXFileReference; lastKnownFileType = sourcecode.swift; path = MyPortfolioUITests.swift; sourceTree = "<group>"; };
		7DAD7D322D07662600AC8C31 /* MyPortfolioUITestsLaunchTests.swift */ = {isa = PBXFileReference; lastKnownFileType = sourcecode.swift; path = MyPortfolioUITestsLaunchTests.swift; sourceTree = "<group>"; };
		7DAD7D3F2D076CC500AC8C31 /* index.html */ = {isa = PBXFileReference; lastKnownFileType = text.html; path = index.html; sourceTree = "<group>"; };
		7DAD7D412D076D0A00AC8C31 /* style.css */ = {isa = PBXFileReference; lastKnownFileType = text.css; path = style.css; sourceTree = "<group>"; };
/* End PBXFileReference section */

/* Begin PBXFrameworksBuildPhase section */
		7DAD7D0E2D07662400AC8C31 /* Frameworks */ = {
			isa = PBXFrameworksBuildPhase;
			buildActionMask = 2147483647;
			files = (
			);
			runOnlyForDeploymentPostprocessing = 0;
		};
		7DAD7D1F2D07662600AC8C31 /* Frameworks */ = {
			isa = PBXFrameworksBuildPhase;
			buildActionMask = 2147483647;
			files = (
			);
			runOnlyForDeploymentPostprocessing = 0;
		};
		7DAD7D292D07662600AC8C31 /* Frameworks */ = {
			isa = PBXFrameworksBuildPhase;
			buildActionMask = 2147483647;
			files = (
			);
			runOnlyForDeploymentPostprocessing = 0;
		};
/* End PBXFrameworksBuildPhase section */

/* Begin PBXGroup section */
		7DAD7D082D07662400AC8C31 = {
			isa = PBXGroup;
			children = (
				7DAD7D432D076D1500AC8C31 /* WebFiles */,
				7DAD7D132D07662400AC8C31 /* MyPortfolio */,
				7DAD7D252D07662600AC8C31 /* MyPortfolioTests */,
				7DAD7D2F2D07662600AC8C31 /* MyPortfolioUITests */,
				7DAD7D122D07662400AC8C31 /* Products */,
			);
			sourceTree = "<group>";
		};
		7DAD7D122D07662400AC8C31 /* Products */ = {
			isa = PBXGroup;
			children = (
				7DAD7D112D07662400AC8C31 /* MyPortfolio.app */,
				7DAD7D222D07662600AC8C31 /* MyPortfolioTests.xctest */,
				7DAD7D2C2D07662600AC8C31 /* MyPortfolioUITests.xctest */,
			);
			name = Products;
			sourceTree = "<group>";
		};
		7DAD7D132D07662400AC8C31 /* MyPortfolio */ = {
			isa = PBXGroup;
			children = (
				7DAD7D142D07662400AC8C31 /* MyPortfolioApp.swift */,
				7DAD7D182D07662600AC8C31 /* Assets.xcassets */,
				7DAD7D1A2D07662600AC8C31 /* MyPortfolio.entitlements */,
				7DAD7D1B2D07662600AC8C31 /* Preview Content */,
			);
			path = MyPortfolio;
			sourceTree = "<group>";
		};
		7DAD7D1B2D07662600AC8C31 /* Preview Content */ = {
			isa = PBXGroup;
			children = (
				7DAD7D1C2D07662600AC8C31 /* Preview Assets.xcassets */,
			);
			path = "Preview Content";
			sourceTree = "<group>";
		};
		7DAD7D252D07662600AC8C31 /* MyPortfolioTests */ = {
			isa = PBXGroup;
			children = (
				7DAD7D262D07662600AC8C31 /* MyPortfolioTests.swift */,
			);
			path = MyPortfolioTests;
			sourceTree = "<group>";
		};
		7DAD7D2F2D07662600AC8C31 /* MyPortfolioUITests */ = {
			isa = PBXGroup;
			children = (
				7DAD7D302D07662600AC8C31 /* MyPortfolioUITests.swift */,
				7DAD7D322D07662600AC8C31 /* MyPortfolioUITestsLaunchTests.swift */,
			);
			path = MyPortfolioUITests;
			sourceTree = "<group>";
		};
		7DAD7D432D076D1500AC8C31 /* WebFiles */ = {
			isa = PBXGroup;
			children = (
				7DAD7D412D076D0A00AC8C31 /* style.css */,
				7DAD7D3F2D076CC500AC8C31 /* index.html */,
			);
			path = WebFiles;
			sourceTree = "<group>";
		};
/* End PBXGroup section */

/* Begin PBXNativeTarget section */
		7DAD7D102D07662400AC8C31 /* MyPortfolio */ = {
			isa = PBXNativeTarget;
			buildConfigurationList = 7DAD7D362D07662600AC8C31 /* Build configuration list for PBXNativeTarget "MyPortfolio" */;
			buildPhases = (
				7DAD7D0D2D07662400AC8C31 /* Sources */,
				7DAD7D0E2D07662400AC8C31 /* Frameworks */,
				7DAD7D0F2D07662400AC8C31 /* Resources */,
			);
			buildRules = (
			);
			dependencies = (
			);
			name = MyPortfolio;
			productName = MyPortfolio;
			productReference = 7DAD7D112D07662400AC8C31 /* MyPortfolio.app */;
			productType = "com.apple.product-type.application";
		};
		7DAD7D212D07662600AC8C31 /* MyPortfolioTests */ = {
			isa = PBXNativeTarget;
			buildConfigurationList = 7DAD7D392D07662600AC8C31 /* Build configuration list for PBXNativeTarget "MyPortfolioTests" */;
			buildPhases = (
				7DAD7D1E2D07662600AC8C31 /* Sources */,
				7DAD7D1F2D07662600AC8C31 /* Frameworks */,
				7DAD7D202D07662600AC8C31 /* Resources */,
			);
			buildRules = (
			);
			dependencies = (
				7DAD7D242D07662600AC8C31 /* PBXTargetDependency */,
			);
			name = MyPortfolioTests;
			productName = MyPortfolioTests;
			productReference = 7DAD7D222D07662600AC8C31 /* MyPortfolioTests.xctest */;
			productType = "com.apple.product-type.bundle.unit-test";
		};
		7DAD7D2B2D07662600AC8C31 /* MyPortfolioUITests */ = {
			isa = PBXNativeTarget;
			buildConfigurationList = 7DAD7D3C2D07662600AC8C31 /* Build configuration list for PBXNativeTarget "MyPortfolioUITests" */;
			buildPhases = (
				7DAD7D282D07662600AC8C31 /* Sources */,
				7DAD7D292D07662600AC8C31 /* Frameworks */,
				7DAD7D2A2D07662600AC8C31 /* Resources */,
			);
			buildRules = (
			);
			dependencies = (
				7DAD7D2E2D07662600AC8C31 /* PBXTargetDependency */,
			);
			name = MyPortfolioUITests;
			productName = MyPortfolioUITests;
			productReference = 7DAD7D2C2D07662600AC8C31 /* MyPortfolioUITests.xctest */;
			productType = "com.apple.product-type.bundle.ui-testing";
		};
/* End PBXNativeTarget section */

/* Begin PBXProject section */
		7DAD7D092D07662400AC8C31 /* Project object */ = {
			isa = PBXProject;
			attributes = {
				BuildIndependentTargetsInParallel = 1;
				LastSwiftUpdateCheck = 1540;
				LastUpgradeCheck = 1540;
				TargetAttributes = {
					7DAD7D102D07662400AC8C31 = {
						CreatedOnToolsVersion = 15.4;
					};
					7DAD7D212D07662600AC8C31 = {
						CreatedOnToolsVersion = 15.4;
						TestTargetID = 7DAD7D102D07662400AC8C31;
					};
					7DAD7D2B2D07662600AC8C31 = {
						CreatedOnToolsVersion = 15.4;
						TestTargetID = 7DAD7D102D07662400AC8C31;
					};
				};
			};
			buildConfigurationList = 7DAD7D0C2D07662400AC8C31 /* Build configuration list for PBXProject "MyPortfolio" */;
			compatibilityVersion = "Xcode 14.0";
			developmentRegion = en;
			hasScannedForEncodings = 0;
			knownRegions = (
				en,
				Base,
			);
			mainGroup = 7DAD7D082D07662400AC8C31;
			productRefGroup = 7DAD7D122D07662400AC8C31 /* Products */;
			projectDirPath = "";
			projectRoot = "";
			targets = (
				7DAD7D102D07662400AC8C31 /* MyPortfolio */,
				7DAD7D212D07662600AC8C31 /* MyPortfolioTests */,
				7DAD7D2B2D07662600AC8C31 /* MyPortfolioUITests */,
			);
		};
/* End PBXProject section */

/* Begin PBXResourcesBuildPhase section */
		7DAD7D0F2D07662400AC8C31 /* Resources */ = {
			isa = PBXResourcesBuildPhase;
			buildActionMask = 2147483647;
			files = (
				7DAD7D402D076CC500AC8C31 /* index.html in Resources */,
				7DAD7D422D076D0A00AC8C31 /* style.css in Resources */,
				7DAD7D1D2D07662600AC8C31 /* Preview Assets.xcassets in Resources */,
				7DAD7D192D07662600AC8C31 /* Assets.xcassets in Resources */,
			);
			runOnlyForDeploymentPostprocessing = 0;
		};
		7DAD7D202D07662600AC8C31 /* Resources */ = {
			isa = PBXResourcesBuildPhase;
			buildActionMask = 2147483647;
			files = (
			);
			runOnlyForDeploymentPostprocessing = 0;
		};
		7DAD7D2A2D07662600AC8C31 /* Resources */ = {
			isa = PBXResourcesBuildPhase;
			buildActionMask = 2147483647;
			files = (
			);
			runOnlyForDeploymentPostprocessing = 0;
		};
/* End PBXResourcesBuildPhase section */

/* Begin PBXSourcesBuildPhase section */
		7DAD7D0D2D07662400AC8C31 /* Sources */ = {
			isa = PBXSourcesBuildPhase;
			buildActionMask = 2147483647;
			files = (
				7DAD7D152D07662400AC8C31 /* MyPortfolioApp.swift in Sources */,
			);
			runOnlyForDeploymentPostprocessing = 0;
		};
		7DAD7D1E2D07662600AC8C31 /* Sources */ = {
			isa = PBXSourcesBuildPhase;
			buildActionMask = 2147483647;
			files = (
				7DAD7D272D07662600AC8C31 /* MyPortfolioTests.swift in Sources */,
			);
			runOnlyForDeploymentPostprocessing = 0;
		};
		7DAD7D282D07662600AC8C31 /* Sources */ = {
			isa = PBXSourcesBuildPhase;
			buildActionMask = 2147483647;
			files = (
				7DAD7D312D07662600AC8C31 /* MyPortfolioUITests.swift in Sources */,
				7DAD7D332D07662600AC8C31 /* MyPortfolioUITestsLaunchTests.swift in Sources */,
			);
			runOnlyForDeploymentPostprocessing = 0;
		};
/* End PBXSourcesBuildPhase section */

/* Begin PBXTargetDependency section */
		7DAD7D242D07662600AC8C31 /* PBXTargetDependency */ = {
			isa = PBXTargetDependency;
			target = 7DAD7D102D07662400AC8C31 /* MyPortfolio */;
			targetProxy = 7DAD7D232D07662600AC8C31 /* PBXContainerItemProxy */;
		};
		7DAD7D2E2D07662600AC8C31 /* PBXTargetDependency */ = {
			isa = PBXTargetDependency;
			target = 7DAD7D102D07662400AC8C31 /* MyPortfolio */;
			targetProxy = 7DAD7D2D2D07662600AC8C31 /* PBXContainerItemProxy */;
		};
/* End PBXTargetDependency section */

/* Begin XCBuildConfiguration section */
		7DAD7D342D07662600AC8C31 /* Debug */ = {
			isa = XCBuildConfiguration;
			buildSettings = {
				ALWAYS_SEARCH_USER_PATHS = NO;
				ASSETCATALOG_COMPILER_GENERATE_SWIFT_ASSET_SYMBOL_EXTENSIONS = YES;
				CLANG_ANALYZER_NONNULL = YES;
				CLANG_ANALYZER_NUMBER_OBJECT_CONVERSION = YES_AGGRESSIVE;
				CLANG_CXX_LANGUAGE_STANDARD = "gnu++20";
				CLANG_ENABLE_MODULES = YES;
				CLANG_ENABLE_OBJC_ARC = YES;
				CLANG_ENABLE_OBJC_WEAK = YES;
				CLANG_WARN_BLOCK_CAPTURE_AUTORELEASING = YES;
				CLANG_WARN_BOOL_CONVERSION = YES;
				CLANG_WARN_COMMA = YES;
				CLANG_WARN_CONSTANT_CONVERSION = YES;
				CLANG_WARN_DEPRECATED_OBJC_IMPLEMENTATIONS = YES;
				CLANG_WARN_DIRECT_OBJC_ISA_USAGE = YES_ERROR;
				CLANG_WARN_DOCUMENTATION_COMMENTS = YES;
				CLANG_WARN_EMPTY_BODY = YES;
				CLANG_WARN_ENUM_CONVERSION = YES;
				CLANG_WARN_INFINITE_RECURSION = YES;
				CLANG_WARN_INT_CONVERSION = YES;
				CLANG_WARN_NON_LITERAL_NULL_CONVERSION = YES;
				CLANG_WARN_OBJC_IMPLICIT_RETAIN_SELF = YES;
				CLANG_WARN_OBJC_LITERAL_CONVERSION = YES;
				CLANG_WARN_OBJC_ROOT_CLASS = YES_ERROR;
				CLANG_WARN_QUOTED_INCLUDE_IN_FRAMEWORK_HEADER = YES;
				CLANG_WARN_RANGE_LOOP_ANALYSIS = YES;
				CLANG_WARN_STRICT_PROTOTYPES = YES;
				CLANG_WARN_SUSPICIOUS_MOVE = YES;
				CLANG_WARN_UNGUARDED_AVAILABILITY = YES_AGGRESSIVE;
				CLANG_WARN_UNREACHABLE_CODE = YES;
				CLANG_WARN__DUPLICATE_METHOD_MATCH = YES;
				COPY_PHASE_STRIP = NO;
				DEBUG_INFORMATION_FORMAT = dwarf;
				ENABLE_STRICT_OBJC_MSGSEND = YES;
				ENABLE_TESTABILITY = YES;
				ENABLE_USER_SCRIPT_SANDBOXING = YES;
				GCC_C_LANGUAGE_STANDARD = gnu17;
				GCC_DYNAMIC_NO_PIC = NO;
				GCC_NO_COMMON_BLOCKS = YES;
				GCC_OPTIMIZATION_LEVEL = 0;
				GCC_PREPROCESSOR_DEFINITIONS = (
					"DEBUG=1",
					"$(inherited)",
				);
				GCC_WARN_64_TO_32_BIT_CONVERSION = YES;
				GCC_WARN_ABOUT_RETURN_TYPE = YES_ERROR;
				GCC_WARN_UNDECLARED_SELECTOR = YES;
				GCC_WARN_UNINITIALIZED_AUTOS = YES_AGGRESSIVE;
				GCC_WARN_UNUSED_FUNCTION = YES;
				GCC_WARN_UNUSED_VARIABLE = YES;
				LOCALIZATION_PREFERS_STRING_CATALOGS = YES;
				MTL_ENABLE_DEBUG_INFO = INCLUDE_SOURCE;
				MTL_FAST_MATH = YES;
				ONLY_ACTIVE_ARCH = YES;
				SWIFT_ACTIVE_COMPILATION_CONDITIONS = "DEBUG $(inherited)";
				SWIFT_OPTIMIZATION_LEVEL = "-Onone";
			};
			name = Debug;
		};
		7DAD7D352D07662600AC8C31 /* Release */ = {
			isa = XCBuildConfiguration;
			buildSettings = {
				ALWAYS_SEARCH_USER_PATHS = NO;
				ASSETCATALOG_COMPILER_GENERATE_SWIFT_ASSET_SYMBOL_EXTENSIONS = YES;
				CLANG_ANALYZER_NONNULL = YES;
				CLANG_ANALYZER_NUMBER_OBJECT_CONVERSION = YES_AGGRESSIVE;
				CLANG_CXX_LANGUAGE_STANDARD = "gnu++20";
				CLANG_ENABLE_MODULES = YES;
				CLANG_ENABLE_OBJC_ARC = YES;
				CLANG_ENABLE_OBJC_WEAK = YES;
				CLANG_WARN_BLOCK_CAPTURE_AUTORELEASING = YES;
				CLANG_WARN_BOOL_CONVERSION = YES;
				CLANG_WARN_COMMA = YES;
				CLANG_WARN_CONSTANT_CONVERSION = YES;
				CLANG_WARN_DEPRECATED_OBJC_IMPLEMENTATIONS = YES;
				CLANG_WARN_DIRECT_OBJC_ISA_USAGE = YES_ERROR;
				CLANG_WARN_DOCUMENTATION_COMMENTS = YES;
				CLANG_WARN_EMPTY_BODY = YES;
				CLANG_WARN_ENUM_CONVERSION = YES;
				CLANG_WARN_INFINITE_RECURSION = YES;
				CLANG_WARN_INT_CONVERSION = YES;
				CLANG_WARN_NON_LITERAL_NULL_CONVERSION = YES;
				CLANG_WARN_OBJC_IMPLICIT_RETAIN_SELF = YES;
				CLANG_WARN_OBJC_LITERAL_CONVERSION = YES;
				CLANG_WARN_OBJC_ROOT_CLASS = YES_ERROR;
				CLANG_WARN_QUOTED_INCLUDE_IN_FRAMEWORK_HEADER = YES;
				CLANG_WARN_RANGE_LOOP_ANALYSIS = YES;
				CLANG_WARN_STRICT_PROTOTYPES = YES;
				CLANG_WARN_SUSPICIOUS_MOVE = YES;
				CLANG_WARN_UNGUARDED_AVAILABILITY = YES_AGGRESSIVE;
				CLANG_WARN_UNREACHABLE_CODE = YES;
				CLANG_WARN__DUPLICATE_METHOD_MATCH = YES;
				COPY_PHASE_STRIP = NO;
				DEBUG_INFORMATION_FORMAT = "dwarf-with-dsym";
				ENABLE_NS_ASSERTIONS = NO;
				ENABLE_STRICT_OBJC_MSGSEND = YES;
				ENABLE_USER_SCRIPT_SANDBOXING = YES;
				GCC_C_LANGUAGE_STANDARD = gnu17;
				GCC_NO_COMMON_BLOCKS = YES;
				GCC_WARN_64_TO_32_BIT_CONVERSION = YES;
				GCC_WARN_ABOUT_RETURN_TYPE = YES_ERROR;
				GCC_WARN_UNDECLARED_SELECTOR = YES;
				GCC_WARN_UNINITIALIZED_AUTOS = YES_AGGRESSIVE;
				GCC_WARN_UNUSED_FUNCTION = YES;
				GCC_WARN_UNUSED_VARIABLE = YES;
				LOCALIZATION_PREFERS_STRING_CATALOGS = YES;
				MTL_ENABLE_DEBUG_INFO = NO;
				MTL_FAST_MATH = YES;
				SWIFT_COMPILATION_MODE = wholemodule;
			};
			name = Release;
		};
		7DAD7D372D07662600AC8C31 /* Debug */ = {
			isa = XCBuildConfiguration;
			buildSettings = {
				ASSETCATALOG_COMPILER_APPICON_NAME = AppIcon;
				ASSETCATALOG_COMPILER_GLOBAL_ACCENT_COLOR_NAME = AccentColor;
				CODE_SIGN_ENTITLEMENTS = MyPortfolio/MyPortfolio.entitlements;
				CODE_SIGN_STYLE = Automatic;
				CURRENT_PROJECT_VERSION = 1;
				DEVELOPMENT_ASSET_PATHS = "\"MyPortfolio/Preview Content\"";
				ENABLE_PREVIEWS = YES;
				GENERATE_INFOPLIST_FILE = YES;
				"INFOPLIST_KEY_UIApplicationSceneManifest_Generation[sdk=iphoneos*]" = YES;
				"INFOPLIST_KEY_UIApplicationSceneManifest_Generation[sdk=iphonesimulator*]" = YES;
				"INFOPLIST_KEY_UIApplicationSupportsIndirectInputEvents[sdk=iphoneos*]" = YES;
				"INFOPLIST_KEY_UIApplicationSupportsIndirectInputEvents[sdk=iphonesimulator*]" = YES;
				"INFOPLIST_KEY_UILaunchScreen_Generation[sdk=iphoneos*]" = YES;
				"INFOPLIST_KEY_UILaunchScreen_Generation[sdk=iphonesimulator*]" = YES;
				"INFOPLIST_KEY_UIStatusBarStyle[sdk=iphoneos*]" = UIStatusBarStyleDefault;
				"INFOPLIST_KEY_UIStatusBarStyle[sdk=iphonesimulator*]" = UIStatusBarStyleDefault;
				INFOPLIST_KEY_UISupportedInterfaceOrientations_iPad = "UIInterfaceOrientationPortrait UIInterfaceOrientationPortraitUpsideDown UIInterfaceOrientationLandscapeLeft UIInterfaceOrientationLandscapeRight";
				INFOPLIST_KEY_UISupportedInterfaceOrientations_iPhone = "UIInterfaceOrientationPortrait UIInterfaceOrientationLandscapeLeft UIInterfaceOrientationLandscapeRight";
				IPHONEOS_DEPLOYMENT_TARGET = 17.5;
				LD_RUNPATH_SEARCH_PATHS = "@executable_path/Frameworks";
				"LD_RUNPATH_SEARCH_PATHS[sdk=macosx*]" = "@executable_path/../Frameworks";
				MACOSX_DEPLOYMENT_TARGET = 14.1;
				MARKETING_VERSION = 1.0;
				PRODUCT_BUNDLE_IDENTIFIER = com.RandonBytes.MyPortfolio;
				PRODUCT_NAME = "$(TARGET_NAME)";
				SDKROOT = auto;
				SUPPORTED_PLATFORMS = "iphoneos iphonesimulator macosx";
				SWIFT_EMIT_LOC_STRINGS = YES;
				SWIFT_VERSION = 5.0;
				TARGETED_DEVICE_FAMILY = "1,2";
			};
			name = Debug;
		};
		7DAD7D382D07662600AC8C31 /* Release */ = {
			isa = XCBuildConfiguration;
			buildSettings = {
				ASSETCATALOG_COMPILER_APPICON_NAME = AppIcon;
				ASSETCATALOG_COMPILER_GLOBAL_ACCENT_COLOR_NAME = AccentColor;
				CODE_SIGN_ENTITLEMENTS = MyPortfolio/MyPortfolio.entitlements;
				CODE_SIGN_STYLE = Automatic;
				CURRENT_PROJECT_VERSION = 1;
				DEVELOPMENT_ASSET_PATHS = "\"MyPortfolio/Preview Content\"";
				ENABLE_PREVIEWS = YES;
				GENERATE_INFOPLIST_FILE = YES;
				"INFOPLIST_KEY_UIApplicationSceneManifest_Generation[sdk=iphoneos*]" = YES;
				"INFOPLIST_KEY_UIApplicationSceneManifest_Generation[sdk=iphonesimulator*]" = YES;
				"INFOPLIST_KEY_UIApplicationSupportsIndirectInputEvents[sdk=iphoneos*]" = YES;
				"INFOPLIST_KEY_UIApplicationSupportsIndirectInputEvents[sdk=iphonesimulator*]" = YES;
				"INFOPLIST_KEY_UILaunchScreen_Generation[sdk=iphoneos*]" = YES;
				"INFOPLIST_KEY_UILaunchScreen_Generation[sdk=iphonesimulator*]" = YES;
				"INFOPLIST_KEY_UIStatusBarStyle[sdk=iphoneos*]" = UIStatusBarStyleDefault;
				"INFOPLIST_KEY_UIStatusBarStyle[sdk=iphonesimulator*]" = UIStatusBarStyleDefault;
				INFOPLIST_KEY_UISupportedInterfaceOrientations_iPad = "UIInterfaceOrientationPortrait UIInterfaceOrientationPortraitUpsideDown UIInterfaceOrientationLandscapeLeft UIInterfaceOrientationLandscapeRight";
				INFOPLIST_KEY_UISupportedInterfaceOrientations_iPhone = "UIInterfaceOrientationPortrait UIInterfaceOrientationLandscapeLeft UIInterfaceOrientationLandscapeRight";
				IPHONEOS_DEPLOYMENT_TARGET = 17.5;
				LD_RUNPATH_SEARCH_PATHS = "@executable_path/Frameworks";
				"LD_RUNPATH_SEARCH_PATHS[sdk=macosx*]" = "@executable_path/../Frameworks";
				MACOSX_DEPLOYMENT_TARGET = 14.1;
				MARKETING_VERSION = 1.0;
				PRODUCT_BUNDLE_IDENTIFIER = com.RandonBytes.MyPortfolio;
				PRODUCT_NAME = "$(TARGET_NAME)";
				SDKROOT = auto;
				SUPPORTED_PLATFORMS = "iphoneos iphonesimulator macosx";
				SWIFT_EMIT_LOC_STRINGS = YES;
				SWIFT_VERSION = 5.0;
				TARGETED_DEVICE_FAMILY = "1,2";
			};
			name = Release;
		};
		7DAD7D3A2D07662600AC8C31 /* Debug */ = {
			isa = XCBuildConfiguration;
			buildSettings = {
				ALWAYS_EMBED_SWIFT_STANDARD_LIBRARIES = YES;
				BUNDLE_LOADER = "$(TEST_HOST)";
				CODE_SIGN_STYLE = Automatic;
				CURRENT_PROJECT_VERSION = 1;
				GENERATE_INFOPLIST_FILE = YES;
				IPHONEOS_DEPLOYMENT_TARGET = 17.5;
				MACOSX_DEPLOYMENT_TARGET = 14.1;
				MARKETING_VERSION = 1.0;
				PRODUCT_BUNDLE_IDENTIFIER = com.RandonBytes.MyPortfolioTests;
				PRODUCT_NAME = "$(TARGET_NAME)";
				SDKROOT = auto;
				SUPPORTED_PLATFORMS = "iphoneos iphonesimulator macosx";
				SWIFT_EMIT_LOC_STRINGS = NO;
				SWIFT_VERSION = 5.0;
				TARGETED_DEVICE_FAMILY = "1,2";
				TEST_HOST = "$(BUILT_PRODUCTS_DIR)/MyPortfolio.app/$(BUNDLE_EXECUTABLE_FOLDER_PATH)/MyPortfolio";
			};
			name = Debug;
		};
		7DAD7D3B2D07662600AC8C31 /* Release */ = {
			isa = XCBuildConfiguration;
			buildSettings = {
				ALWAYS_EMBED_SWIFT_STANDARD_LIBRARIES = YES;
				BUNDLE_LOADER = "$(TEST_HOST)";
				CODE_SIGN_STYLE = Automatic;
				CURRENT_PROJECT_VERSION = 1;
				GENERATE_INFOPLIST_FILE = YES;
				IPHONEOS_DEPLOYMENT_TARGET = 17.5;
				MACOSX_DEPLOYMENT_TARGET = 14.1;
				MARKETING_VERSION = 1.0;
				PRODUCT_BUNDLE_IDENTIFIER = com.RandonBytes.MyPortfolioTests;
				PRODUCT_NAME = "$(TARGET_NAME)";
				SDKROOT = auto;
				SUPPORTED_PLATFORMS = "iphoneos iphonesimulator macosx";
				SWIFT_EMIT_LOC_STRINGS = NO;
				SWIFT_VERSION = 5.0;
				TARGETED_DEVICE_FAMILY = "1,2";
				TEST_HOST = "$(BUILT_PRODUCTS_DIR)/MyPortfolio.app/$(BUNDLE_EXECUTABLE_FOLDER_PATH)/MyPortfolio";
			};
			name = Release;
		};
		7DAD7D3D2D07662600AC8C31 /* Debug */ = {
			isa = XCBuildConfiguration;
			buildSettings = {
				ALWAYS_EMBED_SWIFT_STANDARD_LIBRARIES = YES;
				CODE_SIGN_STYLE = Automatic;
				CURRENT_PROJECT_VERSION = 1;
				GENERATE_INFOPLIST_FILE = YES;
				IPHONEOS_DEPLOYMENT_TARGET = 17.5;
				MACOSX_DEPLOYMENT_TARGET = 14.1;
				MARKETING_VERSION = 1.0;
				PRODUCT_BUNDLE_IDENTIFIER = com.RandonBytes.MyPortfolioUITests;
				PRODUCT_NAME = "$(TARGET_NAME)";
				SDKROOT = auto;
				SUPPORTED_PLATFORMS = "iphoneos iphonesimulator macosx";
				SWIFT_EMIT_LOC_STRINGS = NO;
				SWIFT_VERSION = 5.0;
				TARGETED_DEVICE_FAMILY = "1,2";
				TEST_TARGET_NAME = MyPortfolio;
			};
			name = Debug;
		};
		7DAD7D3E2D07662600AC8C31 /* Release */ = {
			isa = XCBuildConfiguration;
			buildSettings = {
				ALWAYS_EMBED_SWIFT_STANDARD_LIBRARIES = YES;
				CODE_SIGN_STYLE = Automatic;
				CURRENT_PROJECT_VERSION = 1;
				GENERATE_INFOPLIST_FILE = YES;
				IPHONEOS_DEPLOYMENT_TARGET = 17.5;
				MACOSX_DEPLOYMENT_TARGET = 14.1;
				MARKETING_VERSION = 1.0;
				PRODUCT_BUNDLE_IDENTIFIER = com.RandonBytes.MyPortfolioUITests;
				PRODUCT_NAME = "$(TARGET_NAME)";
				SDKROOT = auto;
				SUPPORTED_PLATFORMS = "iphoneos iphonesimulator macosx";
				SWIFT_EMIT_LOC_STRINGS = NO;
				SWIFT_VERSION = 5.0;
				TARGETED_DEVICE_FAMILY = "1,2";
				TEST_TARGET_NAME = MyPortfolio;
			};
			name = Release;
		};
/* End XCBuildConfiguration section */

/* Begin XCConfigurationList section */
		7DAD7D0C2D07662400AC8C31 /* Build configuration list for PBXProject "MyPortfolio" */ = {
			isa = XCConfigurationList;
			buildConfigurations = (
				7DAD7D342D07662600AC8C31 /* Debug */,
				7DAD7D352D07662600AC8C31 /* Release */,
			);
			defaultConfigurationIsVisible = 0;
			defaultConfigurationName = Release;
		};
		7DAD7D362D07662600AC8C31 /* Build configuration list for PBXNativeTarget "MyPortfolio" */ = {
			isa = XCConfigurationList;
			buildConfigurations = (
				7DAD7D372D07662600AC8C31 /* Debug */,
				7DAD7D382D07662600AC8C31 /* Release */,
			);
			defaultConfigurationIsVisible = 0;
			defaultConfigurationName = Release;
		};
		7DAD7D392D07662600AC8C31 /* Build configuration list for PBXNativeTarget "MyPortfolioTests" */ = {
			isa = XCConfigurationList;
			buildConfigurations = (
				7DAD7D3A2D07662600AC8C31 /* Debug */,
				7DAD7D3B2D07662600AC8C31 /* Release */,
			);
			defaultConfigurationIsVisible = 0;
			defaultConfigurationName = Release;
		};
		7DAD7D3C2D07662600AC8C31 /* Build configuration list for PBXNativeTarget "MyPortfolioUITests" */ = {
			isa = XCConfigurationList;
			buildConfigurations = (
				7DAD7D3D2D07662600AC8C31 /* Debug */,
				7DAD7D3E2D07662600AC8C31 /* Release */,
			);
			defaultConfigurationIsVisible = 0;
			defaultConfigurationName = Release;
		};
/* End XCConfigurationList section */
	};
	rootObject = 7DAD7D092D07662400AC8C31 /* Project object */;
}
